
Microsoft Visual Studio Solution File, Format Version 12.00
# Visual Studio Version 17
VisualStudioVersion = 17.14.36804.6
MinimumVisualStudioVersion = 10.0.40219.1
Project("{F2A71F9B-5D33-465A-A702-920D77279786}") = "TextAnalyzer", "TextAnalyzer\TextAnalyzer.fsproj", "{B1E3B4A5-E6E4-4ABB-AA97-320E3754FA86}"
EndProject
Project("{FAE04EC0-301F-11D3-BF4B-00C04F79EFBC}") = "TextAnalyzerGuI", "TextAnalyzerGuI\TextAnalyzerGuI.csproj", "{09BBC958-20DE-452C-ADAA-4493C2607001}"
EndProject
Global
	GlobalSection(SolutionConfigurationPlatforms) = preSolution
		Debug|Any CPU = Debug|Any CPU
		Release|Any CPU = Release|Any CPU
	EndGlobalSection
	GlobalSection(ProjectConfigurationPlatforms) = postSolution
		{B1E3B4A5-E6E4-4ABB-AA97-320E3754FA86}.Debug|Any CPU.ActiveCfg = Debug|Any CPU
		{B1E3B4A5-E6E4-4ABB-AA97-320E3754FA86}.Debug|Any CPU.Build.0 = Debug|Any CPU
		{B1E3B4A5-E6E4-4ABB-AA97-320E3754FA86}.Release|Any CPU.ActiveCfg = Release|Any CPU
		{B1E3B4A5-E6E4-4ABB-AA97-320E3754FA86}.Release|Any CPU.Build.0 = Release|Any CPU
		{09BBC958-20DE-452C-ADAA-4493C2607001}.Debug|Any CPU.ActiveCfg = Debug|Any CPU
		{09BBC958-20DE-452C-ADAA-4493C2607001}.Debug|Any CPU.Build.0 = Debug|Any CPU
		{09BBC958-20DE-452C-ADAA-4493C2607001}.Release|Any CPU.ActiveCfg = Release|Any CPU
		{09BBC958-20DE-452C-ADAA-4493C2607001}.Release|Any CPU.Build.0 = Release|Any CPU
	EndGlobalSection
	GlobalSection(SolutionProperties) = preSolution
		HideSolutionNode = FALSE
	EndGlobalSection
	GlobalSection(ExtensibilityGlobals) = postSolution
		SolutionGuid = {7D4B965C-FB9D-4B3E-89FD-9716C818E300}
	EndGlobalSection
EndGlobal
